// !$*UTF8*$!
{
	archiveVersion = 1;
	classes = {
	};
	objectVersion = 54;
	objects = {

/* Begin PBXBuildFile section */
		00E356F31AD99517003FC87E /* WaataxiTests.m in Sources */ = {isa = PBXBuildFile; fileRef = 00E356F21AD99517003FC87E /* WaataxiTests.m */; };
		0608225AE064420DA5513906 /* YanoneKaffeesatz-Medium.ttf in Resources */ = {isa = PBXBuildFile; fileRef = ED56650C6CD04F8D812C2BEE /* YanoneKaffeesatz-Medium.ttf */; };
		0C80B921A6F3F58F76C31292 /* libPods-Waataxi.a in Frameworks */ = {isa = PBXBuildFile; fileRef = 5DCACB8F33CDC322A6C60F78 /* libPods-Waataxi.a */; };
		13B07FBC1A68108700A75B9A /* AppDelegate.mm in Sources */ = {isa = PBXBuildFile; fileRef = 13B07FB01A68108700A75B9A /* AppDelegate.mm */; };
		13B07FBF1A68108700A75B9A /* Images.xcassets in Resources */ = {isa = PBXBuildFile; fileRef = 13B07FB51A68108700A75B9A /* Images.xcassets */; };
		13B07FC11A68108700A75B9A /* main.m in Sources */ = {isa = PBXBuildFile; fileRef = 13B07FB71A68108700A75B9A /* main.m */; };
		161175CBF5F544E09E6897C7 /* IndieFlower-Regular.ttf in Resources */ = {isa = PBXBuildFile; fileRef = C8821D08900D46D280B2D5DD /* IndieFlower-Regular.ttf */; };
		17A558AD5C3643D6A502DEB9 /* MontserratAlternates-LightItalic.ttf in Resources */ = {isa = PBXBuildFile; fileRef = EC080963F3494828B4D92C19 /* MontserratAlternates-LightItalic.ttf */; };
		1F85C6321EC54B4E897450A3 /* YanoneKaffeesatz-Regular.ttf in Resources */ = {isa = PBXBuildFile; fileRef = 9716DAE467114376A54B33F0 /* YanoneKaffeesatz-Regular.ttf */; };
		29D18AF7E7634C1E9F493A1B /* YanoneKaffeesatz-ExtraLight.ttf in Resources */ = {isa = PBXBuildFile; fileRef = 032C32C3AEAE4557921F2BD9 /* YanoneKaffeesatz-ExtraLight.ttf */; };
		3653E885682C43CF932BA45F /* Itim-Regular.ttf in Resources */ = {isa = PBXBuildFile; fileRef = DCF384F9CA754B96921D9D35 /* Itim-Regular.ttf */; };
		38EBB6B072C045DCBD21D574 /* Rajdhani-SemiBold.ttf in Resources */ = {isa = PBXBuildFile; fileRef = ABC9CC010C624A9AB6FC0F75 /* Rajdhani-SemiBold.ttf */; };
		397A4773C9B34D058CBFED81 /* MontserratAlternates-SemiBoldItalic.ttf in Resources */ = {isa = PBXBuildFile; fileRef = 81963A556D1B4F55B3F05F45 /* MontserratAlternates-SemiBoldItalic.ttf */; };
		42E3FF1E6DF34B4AB8941C61 /* MontserratAlternates-Bold.ttf in Resources */ = {isa = PBXBuildFile; fileRef = 103CB54A19E44CDE8F0CDDF7 /* MontserratAlternates-Bold.ttf */; };
		454679D3E9884BA8B39967DF /* MontserratAlternates-SemiBold.ttf in Resources */ = {isa = PBXBuildFile; fileRef = 39C9D4BFE6094C98A441FB13 /* MontserratAlternates-SemiBold.ttf */; };
		4CF846245B1D4C8595DEEC4C /* Rajdhani-Regular.ttf in Resources */ = {isa = PBXBuildFile; fileRef = 23DA6BB2C24249028CB7ED27 /* Rajdhani-Regular.ttf */; };
		561CA6C7DA53446586590F64 /* IbarraRealNova-VariableFont_wght.ttf in Resources */ = {isa = PBXBuildFile; fileRef = 04DA0EF37A2C41F8A2713F6C /* IbarraRealNova-VariableFont_wght.ttf */; };
		618B4D92C466458292C58E25 /* MontserratAlternates-ExtraLight.ttf in Resources */ = {isa = PBXBuildFile; fileRef = 04437930948A4308BD270175 /* MontserratAlternates-ExtraLight.ttf */; };
		65964ADCF9F44DE5A59145EE /* MontserratAlternates-ExtraLightItalic.ttf in Resources */ = {isa = PBXBuildFile; fileRef = E825C59C2D5449FCB0DCBA35 /* MontserratAlternates-ExtraLightItalic.ttf */; };
		6B8A209F77A741F38902B2EC /* YanoneKaffeesatz-VariableFont_wght.ttf in Resources */ = {isa = PBXBuildFile; fileRef = 6B85E11753304EC29C816985 /* YanoneKaffeesatz-VariableFont_wght.ttf */; };
		7211201BE1414A7585E94133 /* Rajdhani-Medium.ttf in Resources */ = {isa = PBXBuildFile; fileRef = 701E807BE78943FFB0D22F2A /* Rajdhani-Medium.ttf */; };
		7699B88040F8A987B510C191 /* libPods-Waataxi-WaataxiTests.a in Frameworks */ = {isa = PBXBuildFile; fileRef = 19F6CBCC0A4E27FBF8BF4A61 /* libPods-Waataxi-WaataxiTests.a */; };
		7ACD289599BC4F94A293E55D /* Rajdhani-Bold.ttf in Resources */ = {isa = PBXBuildFile; fileRef = 0D737B51C89F4B7EB283331F /* Rajdhani-Bold.ttf */; };
		7C7996B4E16E48E8B1D473E7 /* MontserratAlternates-Light.ttf in Resources */ = {isa = PBXBuildFile; fileRef = B196D3794DFA499A826E812A /* MontserratAlternates-Light.ttf */; };
		81AB9BB82411601600AC10FF /* LaunchScreen.storyboard in Resources */ = {isa = PBXBuildFile; fileRef = 81AB9BB72411601600AC10FF /* LaunchScreen.storyboard */; };
		826EB9A5D43D4C1B9C4160F3 /* MontserratAlternates-BlackItalic.ttf in Resources */ = {isa = PBXBuildFile; fileRef = D51E822F0B9943698F74A7A5 /* MontserratAlternates-BlackItalic.ttf */; };
		95A8C12ACC3A429F8023949C /* Raleway-VariableFont_wght.ttf in Resources */ = {isa = PBXBuildFile; fileRef = 3D0B872BE1B9420EAD125F6B /* Raleway-VariableFont_wght.ttf */; };
		97CE40F215704DA8B728D2F8 /* YanoneKaffeesatz-SemiBold.ttf in Resources */ = {isa = PBXBuildFile; fileRef = 1D4EA67516ED4BC5A57C8E7F /* YanoneKaffeesatz-SemiBold.ttf */; };
		9AD9C2C5410F4B48AD139E06 /* MontserratAlternates-Black.ttf in Resources */ = {isa = PBXBuildFile; fileRef = B947F5B769784D3B9041D4BC /* MontserratAlternates-Black.ttf */; };
		9CD0A976B41B4539A3547FA4 /* ShadowsIntoLight-Regular.ttf in Resources */ = {isa = PBXBuildFile; fileRef = 9BB1E54C43B24FC99E666542 /* ShadowsIntoLight-Regular.ttf */; };
		A5AF98B965954D208D646B1E /* MontserratAlternates-ThinItalic.ttf in Resources */ = {isa = PBXBuildFile; fileRef = DA70643A9AEA45E88E5660B0 /* MontserratAlternates-ThinItalic.ttf */; };
		AD831E7FD0404D26926B7336 /* MontserratAlternates-Regular.ttf in Resources */ = {isa = PBXBuildFile; fileRef = D4C13C1F904C4FB89E1EF1DA /* MontserratAlternates-Regular.ttf */; };
		AF98BE9A77CB4F44BBB956E7 /* PatrickHand-Regular.ttf in Resources */ = {isa = PBXBuildFile; fileRef = F86B203B0EDB40A7B1E28FF9 /* PatrickHand-Regular.ttf */; };
		BAB1A117596346489B1BDA16 /* MontserratAlternates-MediumItalic.ttf in Resources */ = {isa = PBXBuildFile; fileRef = E0CB144732B640DF9D303095 /* MontserratAlternates-MediumItalic.ttf */; };
		BBD4CC18251A4B599E9D8884 /* Rajdhani-Light.ttf in Resources */ = {isa = PBXBuildFile; fileRef = A569B7CD20A149D080772FB8 /* Rajdhani-Light.ttf */; };
		CB045556F579492286A32439 /* MontserratAlternates-Italic.ttf in Resources */ = {isa = PBXBuildFile; fileRef = 387500DBA4744B0FB912C0AF /* MontserratAlternates-Italic.ttf */; };
		CC251CBBE3A242B7A083A90B /* YanoneKaffeesatz-Bold.ttf in Resources */ = {isa = PBXBuildFile; fileRef = 5677DAC933D34D59926661CE /* YanoneKaffeesatz-Bold.ttf */; };
		CEF61F1620654E5A8040C4B7 /* MontserratAlternates-Medium.ttf in Resources */ = {isa = PBXBuildFile; fileRef = 154F4EF0CE894EF38CD8E4D7 /* MontserratAlternates-Medium.ttf */; };
		CF3423384D8D4A7BA4B7173F /* MontserratAlternates-ExtraBold.ttf in Resources */ = {isa = PBXBuildFile; fileRef = 72354D7F9C3F4467A6ABA11B /* MontserratAlternates-ExtraBold.ttf */; };
		E3DA14992A79588F0057FDC7 /* GoogleMapsLocation.swift in Sources */ = {isa = PBXBuildFile; fileRef = E3DA14982A79588F0057FDC7 /* GoogleMapsLocation.swift */; };
		E3DA149B2A795A060057FDC7 /* GoogleMapsLocation.m in Sources */ = {isa = PBXBuildFile; fileRef = E3DA149A2A795A060057FDC7 /* GoogleMapsLocation.m */; };
		E807D5DE52444BF4B9647015 /* YatraOne-Regular.ttf in Resources */ = {isa = PBXBuildFile; fileRef = FDCF954F82F74BDE9671B2A0 /* YatraOne-Regular.ttf */; };
		E8BDCF16D235456DB0D16A38 /* YanoneKaffeesatz-Light.ttf in Resources */ = {isa = PBXBuildFile; fileRef = 01FD9B7089D4426598192C14 /* YanoneKaffeesatz-Light.ttf */; };
		EEF0ED6F86AC49629BD4CCF1 /* MontserratAlternates-BoldItalic.ttf in Resources */ = {isa = PBXBuildFile; fileRef = 64351909DD27498CA5E55469 /* MontserratAlternates-BoldItalic.ttf */; };
		F1B38395ED6342058381C403 /* MontserratAlternates-Thin.ttf in Resources */ = {isa = PBXBuildFile; fileRef = BDB4E7E9B47345B8AE9B0AB6 /* MontserratAlternates-Thin.ttf */; };
		F4219DD2744747EB97662B39 /* MontserratAlternates-ExtraBoldItalic.ttf in Resources */ = {isa = PBXBuildFile; fileRef = 244F741975054452B3A5B6E0 /* MontserratAlternates-ExtraBoldItalic.ttf */; };
		C6A34BE111B049D1AC67C0C8 /* times-new-roman.ttf in Resources */ = {isa = PBXBuildFile; fileRef = 89E08271766D4A748B527590 /* times-new-roman.ttf */; };
/* End PBXBuildFile section */

/* Begin PBXContainerItemProxy section */
		00E356F41AD99517003FC87E /* PBXContainerItemProxy */ = {
			isa = PBXContainerItemProxy;
			containerPortal = 83CBB9F71A601CBA00E9B192 /* Project object */;
			proxyType = 1;
			remoteGlobalIDString = 13B07F861A680F5B00A75B9A;
			remoteInfo = Waataxi;
		};
/* End PBXContainerItemProxy section */

/* Begin PBXFileReference section */
		00E356EE1AD99517003FC87E /* WaataxiTests.xctest */ = {isa = PBXFileReference; explicitFileType = wrapper.cfbundle; includeInIndex = 0; path = WaataxiTests.xctest; sourceTree = BUILT_PRODUCTS_DIR; };
		00E356F11AD99517003FC87E /* Info.plist */ = {isa = PBXFileReference; lastKnownFileType = text.plist.xml; path = Info.plist; sourceTree = "<group>"; };
		00E356F21AD99517003FC87E /* WaataxiTests.m */ = {isa = PBXFileReference; lastKnownFileType = sourcecode.c.objc; path = WaataxiTests.m; sourceTree = "<group>"; };
		01FD9B7089D4426598192C14 /* YanoneKaffeesatz-Light.ttf */ = {isa = PBXFileReference; explicitFileType = undefined; fileEncoding = 9; includeInIndex = 0; lastKnownFileType = unknown; name = "YanoneKaffeesatz-Light.ttf"; path = "../assets/fonts/YanoneKaffeesatz-Light.ttf"; sourceTree = "<group>"; };
		032C32C3AEAE4557921F2BD9 /* YanoneKaffeesatz-ExtraLight.ttf */ = {isa = PBXFileReference; explicitFileType = undefined; fileEncoding = 9; includeInIndex = 0; lastKnownFileType = unknown; name = "YanoneKaffeesatz-ExtraLight.ttf"; path = "../assets/fonts/YanoneKaffeesatz-ExtraLight.ttf"; sourceTree = "<group>"; };
		04437930948A4308BD270175 /* MontserratAlternates-ExtraLight.ttf */ = {isa = PBXFileReference; explicitFileType = undefined; fileEncoding = 9; includeInIndex = 0; lastKnownFileType = unknown; name = "MontserratAlternates-ExtraLight.ttf"; path = "../assets/fonts/MontserratAlternates-ExtraLight.ttf"; sourceTree = "<group>"; };
		04DA0EF37A2C41F8A2713F6C /* IbarraRealNova-VariableFont_wght.ttf */ = {isa = PBXFileReference; explicitFileType = undefined; fileEncoding = 9; includeInIndex = 0; lastKnownFileType = unknown; name = "IbarraRealNova-VariableFont_wght.ttf"; path = "../assets/fonts/IbarraRealNova-VariableFont_wght.ttf"; sourceTree = "<group>"; };
		0D737B51C89F4B7EB283331F /* Rajdhani-Bold.ttf */ = {isa = PBXFileReference; explicitFileType = undefined; fileEncoding = 9; includeInIndex = 0; lastKnownFileType = unknown; name = "Rajdhani-Bold.ttf"; path = "../assets/fonts/Rajdhani-Bold.ttf"; sourceTree = "<group>"; };
		103CB54A19E44CDE8F0CDDF7 /* MontserratAlternates-Bold.ttf */ = {isa = PBXFileReference; explicitFileType = undefined; fileEncoding = 9; includeInIndex = 0; lastKnownFileType = unknown; name = "MontserratAlternates-Bold.ttf"; path = "../assets/fonts/MontserratAlternates-Bold.ttf"; sourceTree = "<group>"; };
		13B07F961A680F5B00A75B9A /* Waataxi.app */ = {isa = PBXFileReference; explicitFileType = wrapper.application; includeInIndex = 0; path = Waataxi.app; sourceTree = BUILT_PRODUCTS_DIR; };
		13B07FAF1A68108700A75B9A /* AppDelegate.h */ = {isa = PBXFileReference; fileEncoding = 4; lastKnownFileType = sourcecode.c.h; name = AppDelegate.h; path = Waataxi/AppDelegate.h; sourceTree = "<group>"; };
		13B07FB01A68108700A75B9A /* AppDelegate.mm */ = {isa = PBXFileReference; fileEncoding = 4; lastKnownFileType = sourcecode.cpp.objcpp; name = AppDelegate.mm; path = Waataxi/AppDelegate.mm; sourceTree = "<group>"; };
		13B07FB51A68108700A75B9A /* Images.xcassets */ = {isa = PBXFileReference; lastKnownFileType = folder.assetcatalog; name = Images.xcassets; path = Waataxi/Images.xcassets; sourceTree = "<group>"; };
		13B07FB61A68108700A75B9A /* Info.plist */ = {isa = PBXFileReference; fileEncoding = 4; lastKnownFileType = text.plist.xml; name = Info.plist; path = Waataxi/Info.plist; sourceTree = "<group>"; };
		13B07FB71A68108700A75B9A /* main.m */ = {isa = PBXFileReference; fileEncoding = 4; lastKnownFileType = sourcecode.c.objc; name = main.m; path = Waataxi/main.m; sourceTree = "<group>"; };
		154F4EF0CE894EF38CD8E4D7 /* MontserratAlternates-Medium.ttf */ = {isa = PBXFileReference; explicitFileType = undefined; fileEncoding = 9; includeInIndex = 0; lastKnownFileType = unknown; name = "MontserratAlternates-Medium.ttf"; path = "../assets/fonts/MontserratAlternates-Medium.ttf"; sourceTree = "<group>"; };
		19F6CBCC0A4E27FBF8BF4A61 /* libPods-Waataxi-WaataxiTests.a */ = {isa = PBXFileReference; explicitFileType = archive.ar; includeInIndex = 0; path = "libPods-Waataxi-WaataxiTests.a"; sourceTree = BUILT_PRODUCTS_DIR; };
		1D4EA67516ED4BC5A57C8E7F /* YanoneKaffeesatz-SemiBold.ttf */ = {isa = PBXFileReference; explicitFileType = undefined; fileEncoding = 9; includeInIndex = 0; lastKnownFileType = unknown; name = "YanoneKaffeesatz-SemiBold.ttf"; path = "../assets/fonts/YanoneKaffeesatz-SemiBold.ttf"; sourceTree = "<group>"; };
		23DA6BB2C24249028CB7ED27 /* Rajdhani-Regular.ttf */ = {isa = PBXFileReference; explicitFileType = undefined; fileEncoding = 9; includeInIndex = 0; lastKnownFileType = unknown; name = "Rajdhani-Regular.ttf"; path = "../assets/fonts/Rajdhani-Regular.ttf"; sourceTree = "<group>"; };
		244F741975054452B3A5B6E0 /* MontserratAlternates-ExtraBoldItalic.ttf */ = {isa = PBXFileReference; explicitFileType = undefined; fileEncoding = 9; includeInIndex = 0; lastKnownFileType = unknown; name = "MontserratAlternates-ExtraBoldItalic.ttf"; path = "../assets/fonts/MontserratAlternates-ExtraBoldItalic.ttf"; sourceTree = "<group>"; };
		387500DBA4744B0FB912C0AF /* MontserratAlternates-Italic.ttf */ = {isa = PBXFileReference; explicitFileType = undefined; fileEncoding = 9; includeInIndex = 0; lastKnownFileType = unknown; name = "MontserratAlternates-Italic.ttf"; path = "../assets/fonts/MontserratAlternates-Italic.ttf"; sourceTree = "<group>"; };
		39C9D4BFE6094C98A441FB13 /* MontserratAlternates-SemiBold.ttf */ = {isa = PBXFileReference; explicitFileType = undefined; fileEncoding = 9; includeInIndex = 0; lastKnownFileType = unknown; name = "MontserratAlternates-SemiBold.ttf"; path = "../assets/fonts/MontserratAlternates-SemiBold.ttf"; sourceTree = "<group>"; };
		3B4392A12AC88292D35C810B /* Pods-Waataxi.debug.xcconfig */ = {isa = PBXFileReference; includeInIndex = 1; lastKnownFileType = text.xcconfig; name = "Pods-Waataxi.debug.xcconfig"; path = "Target Support Files/Pods-Waataxi/Pods-Waataxi.debug.xcconfig"; sourceTree = "<group>"; };
		3D0B872BE1B9420EAD125F6B /* Raleway-VariableFont_wght.ttf */ = {isa = PBXFileReference; explicitFileType = undefined; fileEncoding = 9; includeInIndex = 0; lastKnownFileType = unknown; name = "Raleway-VariableFont_wght.ttf"; path = "../assets/fonts/Raleway-VariableFont_wght.ttf"; sourceTree = "<group>"; };
		5677DAC933D34D59926661CE /* YanoneKaffeesatz-Bold.ttf */ = {isa = PBXFileReference; explicitFileType = undefined; fileEncoding = 9; includeInIndex = 0; lastKnownFileType = unknown; name = "YanoneKaffeesatz-Bold.ttf"; path = "../assets/fonts/YanoneKaffeesatz-Bold.ttf"; sourceTree = "<group>"; };
		5709B34CF0A7D63546082F79 /* Pods-Waataxi.release.xcconfig */ = {isa = PBXFileReference; includeInIndex = 1; lastKnownFileType = text.xcconfig; name = "Pods-Waataxi.release.xcconfig"; path = "Target Support Files/Pods-Waataxi/Pods-Waataxi.release.xcconfig"; sourceTree = "<group>"; };
		5B7EB9410499542E8C5724F5 /* Pods-Waataxi-WaataxiTests.debug.xcconfig */ = {isa = PBXFileReference; includeInIndex = 1; lastKnownFileType = text.xcconfig; name = "Pods-Waataxi-WaataxiTests.debug.xcconfig"; path = "Target Support Files/Pods-Waataxi-WaataxiTests/Pods-Waataxi-WaataxiTests.debug.xcconfig"; sourceTree = "<group>"; };
		5DCACB8F33CDC322A6C60F78 /* libPods-Waataxi.a */ = {isa = PBXFileReference; explicitFileType = archive.ar; includeInIndex = 0; path = "libPods-Waataxi.a"; sourceTree = BUILT_PRODUCTS_DIR; };
		64351909DD27498CA5E55469 /* MontserratAlternates-BoldItalic.ttf */ = {isa = PBXFileReference; explicitFileType = undefined; fileEncoding = 9; includeInIndex = 0; lastKnownFileType = unknown; name = "MontserratAlternates-BoldItalic.ttf"; path = "../assets/fonts/MontserratAlternates-BoldItalic.ttf"; sourceTree = "<group>"; };
		6B85E11753304EC29C816985 /* YanoneKaffeesatz-VariableFont_wght.ttf */ = {isa = PBXFileReference; explicitFileType = undefined; fileEncoding = 9; includeInIndex = 0; lastKnownFileType = unknown; name = "YanoneKaffeesatz-VariableFont_wght.ttf"; path = "../assets/fonts/YanoneKaffeesatz-VariableFont_wght.ttf"; sourceTree = "<group>"; };
		701E807BE78943FFB0D22F2A /* Rajdhani-Medium.ttf */ = {isa = PBXFileReference; explicitFileType = undefined; fileEncoding = 9; includeInIndex = 0; lastKnownFileType = unknown; name = "Rajdhani-Medium.ttf"; path = "../assets/fonts/Rajdhani-Medium.ttf"; sourceTree = "<group>"; };
		72354D7F9C3F4467A6ABA11B /* MontserratAlternates-ExtraBold.ttf */ = {isa = PBXFileReference; explicitFileType = undefined; fileEncoding = 9; includeInIndex = 0; lastKnownFileType = unknown; name = "MontserratAlternates-ExtraBold.ttf"; path = "../assets/fonts/MontserratAlternates-ExtraBold.ttf"; sourceTree = "<group>"; };
		7340631129E99F7B008AC76C /* AntDesign.ttf */ = {isa = PBXFileReference; lastKnownFileType = file; path = AntDesign.ttf; sourceTree = "<group>"; };
		7340631329E99F91008AC76C /* EvilIcons.ttf */ = {isa = PBXFileReference; lastKnownFileType = file; path = EvilIcons.ttf; sourceTree = "<group>"; };
		7340631429E99F91008AC76C /* Feather.ttf */ = {isa = PBXFileReference; lastKnownFileType = file; path = Feather.ttf; sourceTree = "<group>"; };
		7340631529E99F91008AC76C /* FontAwesome5_Brands.ttf */ = {isa = PBXFileReference; lastKnownFileType = file; path = FontAwesome5_Brands.ttf; sourceTree = "<group>"; };
		7340631629E99F91008AC76C /* Entypo.ttf */ = {isa = PBXFileReference; lastKnownFileType = file; path = Entypo.ttf; sourceTree = "<group>"; };
		7340631729E99F91008AC76C /* FontAwesome.ttf */ = {isa = PBXFileReference; lastKnownFileType = file; path = FontAwesome.ttf; sourceTree = "<group>"; };
		7340631D29E99FA0008AC76C /* FontAwesome5_Regular.ttf */ = {isa = PBXFileReference; lastKnownFileType = file; path = FontAwesome5_Regular.ttf; sourceTree = "<group>"; };
		7340631F29E99FB4008AC76C /* Ionicons.ttf */ = {isa = PBXFileReference; lastKnownFileType = file; path = Ionicons.ttf; sourceTree = "<group>"; };
		7340632029E99FB4008AC76C /* MaterialIcons.ttf */ = {isa = PBXFileReference; lastKnownFileType = file; path = MaterialIcons.ttf; sourceTree = "<group>"; };
		7340632129E99FB4008AC76C /* Octicons.ttf */ = {isa = PBXFileReference; lastKnownFileType = file; path = Octicons.ttf; sourceTree = "<group>"; };
		7340632229E99FB4008AC76C /* MaterialCommunityIcons.ttf */ = {isa = PBXFileReference; lastKnownFileType = file; path = MaterialCommunityIcons.ttf; sourceTree = "<group>"; };
		7340632329E99FB4008AC76C /* SimpleLineIcons.ttf */ = {isa = PBXFileReference; lastKnownFileType = file; path = SimpleLineIcons.ttf; sourceTree = "<group>"; };
		7340632929E99FC3008AC76C /* Zocial.ttf */ = {isa = PBXFileReference; lastKnownFileType = file; path = Zocial.ttf; sourceTree = "<group>"; };
		7340634C29E9ADC0008AC76C /* FontAwesome5_Solid.ttf */ = {isa = PBXFileReference; lastKnownFileType = file; path = FontAwesome5_Solid.ttf; sourceTree = "<group>"; };
		7340634D29E9ADC0008AC76C /* Fontisto.ttf */ = {isa = PBXFileReference; lastKnownFileType = file; path = Fontisto.ttf; sourceTree = "<group>"; };
		7340634E29E9ADC0008AC76C /* Foundation.ttf */ = {isa = PBXFileReference; lastKnownFileType = file; path = Foundation.ttf; sourceTree = "<group>"; };
		81963A556D1B4F55B3F05F45 /* MontserratAlternates-SemiBoldItalic.ttf */ = {isa = PBXFileReference; explicitFileType = undefined; fileEncoding = 9; includeInIndex = 0; lastKnownFileType = unknown; name = "MontserratAlternates-SemiBoldItalic.ttf"; path = "../assets/fonts/MontserratAlternates-SemiBoldItalic.ttf"; sourceTree = "<group>"; };
		81AB9BB72411601600AC10FF /* LaunchScreen.storyboard */ = {isa = PBXFileReference; fileEncoding = 4; lastKnownFileType = file.storyboard; name = LaunchScreen.storyboard; path = Waataxi/LaunchScreen.storyboard; sourceTree = "<group>"; };
		89C6BE57DB24E9ADA2F236DE /* Pods-Waataxi-WaataxiTests.release.xcconfig */ = {isa = PBXFileReference; includeInIndex = 1; lastKnownFileType = text.xcconfig; name = "Pods-Waataxi-WaataxiTests.release.xcconfig"; path = "Target Support Files/Pods-Waataxi-WaataxiTests/Pods-Waataxi-WaataxiTests.release.xcconfig"; sourceTree = "<group>"; };
		9716DAE467114376A54B33F0 /* YanoneKaffeesatz-Regular.ttf */ = {isa = PBXFileReference; explicitFileType = undefined; fileEncoding = 9; includeInIndex = 0; lastKnownFileType = unknown; name = "YanoneKaffeesatz-Regular.ttf"; path = "../assets/fonts/YanoneKaffeesatz-Regular.ttf"; sourceTree = "<group>"; };
		9BB1E54C43B24FC99E666542 /* ShadowsIntoLight-Regular.ttf */ = {isa = PBXFileReference; explicitFileType = undefined; fileEncoding = 9; includeInIndex = 0; lastKnownFileType = unknown; name = "ShadowsIntoLight-Regular.ttf"; path = "../assets/fonts/ShadowsIntoLight-Regular.ttf"; sourceTree = "<group>"; };
		A569B7CD20A149D080772FB8 /* Rajdhani-Light.ttf */ = {isa = PBXFileReference; explicitFileType = undefined; fileEncoding = 9; includeInIndex = 0; lastKnownFileType = unknown; name = "Rajdhani-Light.ttf"; path = "../assets/fonts/Rajdhani-Light.ttf"; sourceTree = "<group>"; };
		ABC9CC010C624A9AB6FC0F75 /* Rajdhani-SemiBold.ttf */ = {isa = PBXFileReference; explicitFileType = undefined; fileEncoding = 9; includeInIndex = 0; lastKnownFileType = unknown; name = "Rajdhani-SemiBold.ttf"; path = "../assets/fonts/Rajdhani-SemiBold.ttf"; sourceTree = "<group>"; };
		B196D3794DFA499A826E812A /* MontserratAlternates-Light.ttf */ = {isa = PBXFileReference; explicitFileType = undefined; fileEncoding = 9; includeInIndex = 0; lastKnownFileType = unknown; name = "MontserratAlternates-Light.ttf"; path = "../assets/fonts/MontserratAlternates-Light.ttf"; sourceTree = "<group>"; };
		B947F5B769784D3B9041D4BC /* MontserratAlternates-Black.ttf */ = {isa = PBXFileReference; explicitFileType = undefined; fileEncoding = 9; includeInIndex = 0; lastKnownFileType = unknown; name = "MontserratAlternates-Black.ttf"; path = "../assets/fonts/MontserratAlternates-Black.ttf"; sourceTree = "<group>"; };
		BDB4E7E9B47345B8AE9B0AB6 /* MontserratAlternates-Thin.ttf */ = {isa = PBXFileReference; explicitFileType = undefined; fileEncoding = 9; includeInIndex = 0; lastKnownFileType = unknown; name = "MontserratAlternates-Thin.ttf"; path = "../assets/fonts/MontserratAlternates-Thin.ttf"; sourceTree = "<group>"; };
		C8821D08900D46D280B2D5DD /* IndieFlower-Regular.ttf */ = {isa = PBXFileReference; explicitFileType = undefined; fileEncoding = 9; includeInIndex = 0; lastKnownFileType = unknown; name = "IndieFlower-Regular.ttf"; path = "../assets/fonts/IndieFlower-Regular.ttf"; sourceTree = "<group>"; };
		D4C13C1F904C4FB89E1EF1DA /* MontserratAlternates-Regular.ttf */ = {isa = PBXFileReference; explicitFileType = undefined; fileEncoding = 9; includeInIndex = 0; lastKnownFileType = unknown; name = "MontserratAlternates-Regular.ttf"; path = "../assets/fonts/MontserratAlternates-Regular.ttf"; sourceTree = "<group>"; };
		D51E822F0B9943698F74A7A5 /* MontserratAlternates-BlackItalic.ttf */ = {isa = PBXFileReference; explicitFileType = undefined; fileEncoding = 9; includeInIndex = 0; lastKnownFileType = unknown; name = "MontserratAlternates-BlackItalic.ttf"; path = "../assets/fonts/MontserratAlternates-BlackItalic.ttf"; sourceTree = "<group>"; };
		DA70643A9AEA45E88E5660B0 /* MontserratAlternates-ThinItalic.ttf */ = {isa = PBXFileReference; explicitFileType = undefined; fileEncoding = 9; includeInIndex = 0; lastKnownFileType = unknown; name = "MontserratAlternates-ThinItalic.ttf"; path = "../assets/fonts/MontserratAlternates-ThinItalic.ttf"; sourceTree = "<group>"; };
		DCF384F9CA754B96921D9D35 /* Itim-Regular.ttf */ = {isa = PBXFileReference; explicitFileType = undefined; fileEncoding = 9; includeInIndex = 0; lastKnownFileType = unknown; name = "Itim-Regular.ttf"; path = "../assets/fonts/Itim-Regular.ttf"; sourceTree = "<group>"; };
		E0CB144732B640DF9D303095 /* MontserratAlternates-MediumItalic.ttf */ = {isa = PBXFileReference; explicitFileType = undefined; fileEncoding = 9; includeInIndex = 0; lastKnownFileType = unknown; name = "MontserratAlternates-MediumItalic.ttf"; path = "../assets/fonts/MontserratAlternates-MediumItalic.ttf"; sourceTree = "<group>"; };
		E3DA14972A79588D0057FDC7 /* Waataxi-Bridging-Header.h */ = {isa = PBXFileReference; lastKnownFileType = sourcecode.c.h; path = "Waataxi-Bridging-Header.h"; sourceTree = "<group>"; };
		E3DA14982A79588F0057FDC7 /* GoogleMapsLocation.swift */ = {isa = PBXFileReference; lastKnownFileType = sourcecode.swift; path = GoogleMapsLocation.swift; sourceTree = "<group>"; };
		E3DA149A2A795A060057FDC7 /* GoogleMapsLocation.m */ = {isa = PBXFileReference; lastKnownFileType = sourcecode.c.objc; path = GoogleMapsLocation.m; sourceTree = "<group>"; };
		E825C59C2D5449FCB0DCBA35 /* MontserratAlternates-ExtraLightItalic.ttf */ = {isa = PBXFileReference; explicitFileType = undefined; fileEncoding = 9; includeInIndex = 0; lastKnownFileType = unknown; name = "MontserratAlternates-ExtraLightItalic.ttf"; path = "../assets/fonts/MontserratAlternates-ExtraLightItalic.ttf"; sourceTree = "<group>"; };
		EC080963F3494828B4D92C19 /* MontserratAlternates-LightItalic.ttf */ = {isa = PBXFileReference; explicitFileType = undefined; fileEncoding = 9; includeInIndex = 0; lastKnownFileType = unknown; name = "MontserratAlternates-LightItalic.ttf"; path = "../assets/fonts/MontserratAlternates-LightItalic.ttf"; sourceTree = "<group>"; };
		ED297162215061F000B7C4FE /* JavaScriptCore.framework */ = {isa = PBXFileReference; lastKnownFileType = wrapper.framework; name = JavaScriptCore.framework; path = System/Library/Frameworks/JavaScriptCore.framework; sourceTree = SDKROOT; };
		ED56650C6CD04F8D812C2BEE /* YanoneKaffeesatz-Medium.ttf */ = {isa = PBXFileReference; explicitFileType = undefined; fileEncoding = 9; includeInIndex = 0; lastKnownFileType = unknown; name = "YanoneKaffeesatz-Medium.ttf"; path = "../assets/fonts/YanoneKaffeesatz-Medium.ttf"; sourceTree = "<group>"; };
		F86B203B0EDB40A7B1E28FF9 /* PatrickHand-Regular.ttf */ = {isa = PBXFileReference; explicitFileType = undefined; fileEncoding = 9; includeInIndex = 0; lastKnownFileType = unknown; name = "PatrickHand-Regular.ttf"; path = "../assets/fonts/PatrickHand-Regular.ttf"; sourceTree = "<group>"; };
		FDCF954F82F74BDE9671B2A0 /* YatraOne-Regular.ttf */ = {isa = PBXFileReference; explicitFileType = undefined; fileEncoding = 9; includeInIndex = 0; lastKnownFileType = unknown; name = "YatraOne-Regular.ttf"; path = "../assets/fonts/YatraOne-Regular.ttf"; sourceTree = "<group>"; };
		89E08271766D4A748B527590 /* times-new-roman.ttf */ = {isa = PBXFileReference; name = "times-new-roman.ttf"; path = "../assets/fonts/times-new-roman.ttf"; sourceTree = "<group>"; fileEncoding = undefined; lastKnownFileType = unknown; explicitFileType = undefined; includeInIndex = 0; };
/* End PBXFileReference section */

/* Begin PBXFrameworksBuildPhase section */
		00E356EB1AD99517003FC87E /* Frameworks */ = {
			isa = PBXFrameworksBuildPhase;
			buildActionMask = 2147483647;
			files = (
				7699B88040F8A987B510C191 /* libPods-Waataxi-WaataxiTests.a in Frameworks */,
			);
			runOnlyForDeploymentPostprocessing = 0;
		};
		13B07F8C1A680F5B00A75B9A /* Frameworks */ = {
			isa = PBXFrameworksBuildPhase;
			buildActionMask = 2147483647;
			files = (
				0C80B921A6F3F58F76C31292 /* libPods-Waataxi.a in Frameworks */,
			);
			runOnlyForDeploymentPostprocessing = 0;
		};
/* End PBXFrameworksBuildPhase section */

/* Begin PBXGroup section */
		00E356EF1AD99517003FC87E /* WaataxiTests */ = {
			isa = PBXGroup;
			children = (
				00E356F21AD99517003FC87E /* WaataxiTests.m */,
				00E356F01AD99517003FC87E /* Supporting Files */,
			);
			path = WaataxiTests;
			sourceTree = "<group>";
		};
		00E356F01AD99517003FC87E /* Supporting Files */ = {
			isa = PBXGroup;
			children = (
				00E356F11AD99517003FC87E /* Info.plist */,
			);
			name = "Supporting Files";
			sourceTree = "<group>";
		};
		015024C8C3A7492C9EB3D11D /* Resources */ = {
			isa = PBXGroup;
			children = (
				04DA0EF37A2C41F8A2713F6C /* IbarraRealNova-VariableFont_wght.ttf */,
				C8821D08900D46D280B2D5DD /* IndieFlower-Regular.ttf */,
				F86B203B0EDB40A7B1E28FF9 /* PatrickHand-Regular.ttf */,
				0D737B51C89F4B7EB283331F /* Rajdhani-Bold.ttf */,
				A569B7CD20A149D080772FB8 /* Rajdhani-Light.ttf */,
				701E807BE78943FFB0D22F2A /* Rajdhani-Medium.ttf */,
				23DA6BB2C24249028CB7ED27 /* Rajdhani-Regular.ttf */,
				ABC9CC010C624A9AB6FC0F75 /* Rajdhani-SemiBold.ttf */,
				3D0B872BE1B9420EAD125F6B /* Raleway-VariableFont_wght.ttf */,
				9BB1E54C43B24FC99E666542 /* ShadowsIntoLight-Regular.ttf */,
				5677DAC933D34D59926661CE /* YanoneKaffeesatz-Bold.ttf */,
				032C32C3AEAE4557921F2BD9 /* YanoneKaffeesatz-ExtraLight.ttf */,
				01FD9B7089D4426598192C14 /* YanoneKaffeesatz-Light.ttf */,
				ED56650C6CD04F8D812C2BEE /* YanoneKaffeesatz-Medium.ttf */,
				9716DAE467114376A54B33F0 /* YanoneKaffeesatz-Regular.ttf */,
				1D4EA67516ED4BC5A57C8E7F /* YanoneKaffeesatz-SemiBold.ttf */,
				6B85E11753304EC29C816985 /* YanoneKaffeesatz-VariableFont_wght.ttf */,
				DCF384F9CA754B96921D9D35 /* Itim-Regular.ttf */,
				B947F5B769784D3B9041D4BC /* MontserratAlternates-Black.ttf */,
				D51E822F0B9943698F74A7A5 /* MontserratAlternates-BlackItalic.ttf */,
				103CB54A19E44CDE8F0CDDF7 /* MontserratAlternates-Bold.ttf */,
				64351909DD27498CA5E55469 /* MontserratAlternates-BoldItalic.ttf */,
				72354D7F9C3F4467A6ABA11B /* MontserratAlternates-ExtraBold.ttf */,
				244F741975054452B3A5B6E0 /* MontserratAlternates-ExtraBoldItalic.ttf */,
				04437930948A4308BD270175 /* MontserratAlternates-ExtraLight.ttf */,
				E825C59C2D5449FCB0DCBA35 /* MontserratAlternates-ExtraLightItalic.ttf */,
				387500DBA4744B0FB912C0AF /* MontserratAlternates-Italic.ttf */,
				B196D3794DFA499A826E812A /* MontserratAlternates-Light.ttf */,
				EC080963F3494828B4D92C19 /* MontserratAlternates-LightItalic.ttf */,
				154F4EF0CE894EF38CD8E4D7 /* MontserratAlternates-Medium.ttf */,
				E0CB144732B640DF9D303095 /* MontserratAlternates-MediumItalic.ttf */,
				D4C13C1F904C4FB89E1EF1DA /* MontserratAlternates-Regular.ttf */,
				39C9D4BFE6094C98A441FB13 /* MontserratAlternates-SemiBold.ttf */,
				81963A556D1B4F55B3F05F45 /* MontserratAlternates-SemiBoldItalic.ttf */,
				BDB4E7E9B47345B8AE9B0AB6 /* MontserratAlternates-Thin.ttf */,
				DA70643A9AEA45E88E5660B0 /* MontserratAlternates-ThinItalic.ttf */,
				FDCF954F82F74BDE9671B2A0 /* YatraOne-Regular.ttf */,
				89E08271766D4A748B527590 /* times-new-roman.ttf */,
			);
			name = Resources;
			sourceTree = "<group>";
		};
		13B07FAE1A68108700A75B9A /* Waataxi */ = {
			isa = PBXGroup;
			children = (
				13B07FAF1A68108700A75B9A /* AppDelegate.h */,
				13B07FB01A68108700A75B9A /* AppDelegate.mm */,
				13B07FB51A68108700A75B9A /* Images.xcassets */,
				13B07FB61A68108700A75B9A /* Info.plist */,
				81AB9BB72411601600AC10FF /* LaunchScreen.storyboard */,
				13B07FB71A68108700A75B9A /* main.m */,
				E3DA14982A79588F0057FDC7 /* GoogleMapsLocation.swift */,
				E3DA14972A79588D0057FDC7 /* Waataxi-Bridging-Header.h */,
				E3DA149A2A795A060057FDC7 /* GoogleMapsLocation.m */,
			);
			name = Waataxi;
			sourceTree = "<group>";
		};
		2D16E6871FA4F8E400B85C8A /* Frameworks */ = {
			isa = PBXGroup;
			children = (
				ED297162215061F000B7C4FE /* JavaScriptCore.framework */,
				5DCACB8F33CDC322A6C60F78 /* libPods-Waataxi.a */,
				19F6CBCC0A4E27FBF8BF4A61 /* libPods-Waataxi-WaataxiTests.a */,
			);
			name = Frameworks;
			sourceTree = "<group>";
		};
		7340631029E98B52008AC76C /* Fonts */ = {
			isa = PBXGroup;
			children = (
				7340634C29E9ADC0008AC76C /* FontAwesome5_Solid.ttf */,
				7340634D29E9ADC0008AC76C /* Fontisto.ttf */,
				7340634E29E9ADC0008AC76C /* Foundation.ttf */,
				7340632929E99FC3008AC76C /* Zocial.ttf */,
				7340631F29E99FB4008AC76C /* Ionicons.ttf */,
				7340632229E99FB4008AC76C /* MaterialCommunityIcons.ttf */,
				7340632029E99FB4008AC76C /* MaterialIcons.ttf */,
				7340632129E99FB4008AC76C /* Octicons.ttf */,
				7340632329E99FB4008AC76C /* SimpleLineIcons.ttf */,
				7340631D29E99FA0008AC76C /* FontAwesome5_Regular.ttf */,
				7340631629E99F91008AC76C /* Entypo.ttf */,
				7340631329E99F91008AC76C /* EvilIcons.ttf */,
				7340631429E99F91008AC76C /* Feather.ttf */,
				7340631729E99F91008AC76C /* FontAwesome.ttf */,
				7340631529E99F91008AC76C /* FontAwesome5_Brands.ttf */,
				7340631129E99F7B008AC76C /* AntDesign.ttf */,
			);
			path = Fonts;
			sourceTree = "<group>";
		};
		832341AE1AAA6A7D00B99B32 /* Libraries */ = {
			isa = PBXGroup;
			children = (
			);
			name = Libraries;
			sourceTree = "<group>";
		};
		83CBB9F61A601CBA00E9B192 = {
			isa = PBXGroup;
			children = (
				7340631029E98B52008AC76C /* Fonts */,
				13B07FAE1A68108700A75B9A /* Waataxi */,
				832341AE1AAA6A7D00B99B32 /* Libraries */,
				00E356EF1AD99517003FC87E /* WaataxiTests */,
				83CBBA001A601CBA00E9B192 /* Products */,
				2D16E6871FA4F8E400B85C8A /* Frameworks */,
				BBD78D7AC51CEA395F1C20DB /* Pods */,
				015024C8C3A7492C9EB3D11D /* Resources */,
			);
			indentWidth = 2;
			sourceTree = "<group>";
			tabWidth = 2;
			usesTabs = 0;
		};
		83CBBA001A601CBA00E9B192 /* Products */ = {
			isa = PBXGroup;
			children = (
				13B07F961A680F5B00A75B9A /* Waataxi.app */,
				00E356EE1AD99517003FC87E /* WaataxiTests.xctest */,
			);
			name = Products;
			sourceTree = "<group>";
		};
		BBD78D7AC51CEA395F1C20DB /* Pods */ = {
			isa = PBXGroup;
			children = (
				3B4392A12AC88292D35C810B /* Pods-Waataxi.debug.xcconfig */,
				5709B34CF0A7D63546082F79 /* Pods-Waataxi.release.xcconfig */,
				5B7EB9410499542E8C5724F5 /* Pods-Waataxi-WaataxiTests.debug.xcconfig */,
				89C6BE57DB24E9ADA2F236DE /* Pods-Waataxi-WaataxiTests.release.xcconfig */,
			);
			path = Pods;
			sourceTree = "<group>";
		};
/* End PBXGroup section */

/* Begin PBXNativeTarget section */
		00E356ED1AD99517003FC87E /* WaataxiTests */ = {
			isa = PBXNativeTarget;
			buildConfigurationList = 00E357021AD99517003FC87E /* Build configuration list for PBXNativeTarget "WaataxiTests" */;
			buildPhases = (
				A55EABD7B0C7F3A422A6CC61 /* [CP] Check Pods Manifest.lock */,
				00E356EA1AD99517003FC87E /* Sources */,
				00E356EB1AD99517003FC87E /* Frameworks */,
				00E356EC1AD99517003FC87E /* Resources */,
				C59DA0FBD6956966B86A3779 /* [CP] Embed Pods Frameworks */,
				F6A41C54EA430FDDC6A6ED99 /* [CP] Copy Pods Resources */,
			);
			buildRules = (
			);
			dependencies = (
				00E356F51AD99517003FC87E /* PBXTargetDependency */,
			);
			name = WaataxiTests;
			productName = WaataxiTests;
			productReference = 00E356EE1AD99517003FC87E /* WaataxiTests.xctest */;
			productType = "com.apple.product-type.bundle.unit-test";
		};
		13B07F861A680F5B00A75B9A /* Waataxi */ = {
			isa = PBXNativeTarget;
			buildConfigurationList = 13B07F931A680F5B00A75B9A /* Build configuration list for PBXNativeTarget "Waataxi" */;
			buildPhases = (
				C38B50BA6285516D6DCD4F65 /* [CP] Check Pods Manifest.lock */,
				FD10A7F022414F080027D42C /* Start Packager */,
				13B07F871A680F5B00A75B9A /* Sources */,
				13B07F8C1A680F5B00A75B9A /* Frameworks */,
				13B07F8E1A680F5B00A75B9A /* Resources */,
				00DD1BFF1BD5951E006B06BC /* Bundle React Native code and images */,
				00EEFC60759A1932668264C0 /* [CP] Embed Pods Frameworks */,
				E235C05ADACE081382539298 /* [CP] Copy Pods Resources */,
			);
			buildRules = (
			);
			dependencies = (
			);
			name = Waataxi;
			productName = Waataxi;
			productReference = 13B07F961A680F5B00A75B9A /* Waataxi.app */;
			productType = "com.apple.product-type.application";
		};
/* End PBXNativeTarget section */

/* Begin PBXProject section */
		83CBB9F71A601CBA00E9B192 /* Project object */ = {
			isa = PBXProject;
			attributes = {
				BuildIndependentTargetsInParallel = YES;
				LastUpgradeCheck = 1430;
				TargetAttributes = {
					00E356ED1AD99517003FC87E = {
						CreatedOnToolsVersion = 6.2;
						TestTargetID = 13B07F861A680F5B00A75B9A;
					};
					13B07F861A680F5B00A75B9A = {
						LastSwiftMigration = 1430;
					};
				};
			};
			buildConfigurationList = 83CBB9FA1A601CBA00E9B192 /* Build configuration list for PBXProject "Waataxi" */;
			compatibilityVersion = "Xcode 12.0";
			developmentRegion = en;
			hasScannedForEncodings = 0;
			knownRegions = (
				en,
				Base,
			);
			mainGroup = 83CBB9F61A601CBA00E9B192;
			productRefGroup = 83CBBA001A601CBA00E9B192 /* Products */;
			projectDirPath = "";
			projectRoot = "";
			targets = (
				13B07F861A680F5B00A75B9A /* Waataxi */,
				00E356ED1AD99517003FC87E /* WaataxiTests */,
			);
		};
/* End PBXProject section */

/* Begin PBXResourcesBuildPhase section */
		00E356EC1AD99517003FC87E /* Resources */ = {
			isa = PBXResourcesBuildPhase;
			buildActionMask = 2147483647;
			files = (
			);
			runOnlyForDeploymentPostprocessing = 0;
		};
		13B07F8E1A680F5B00A75B9A /* Resources */ = {
			isa = PBXResourcesBuildPhase;
			buildActionMask = 2147483647;
			files = (
				81AB9BB82411601600AC10FF /* LaunchScreen.storyboard in Resources */,
				13B07FBF1A68108700A75B9A /* Images.xcassets in Resources */,
				561CA6C7DA53446586590F64 /* IbarraRealNova-VariableFont_wght.ttf in Resources */,
				161175CBF5F544E09E6897C7 /* IndieFlower-Regular.ttf in Resources */,
				AF98BE9A77CB4F44BBB956E7 /* PatrickHand-Regular.ttf in Resources */,
				7ACD289599BC4F94A293E55D /* Rajdhani-Bold.ttf in Resources */,
				BBD4CC18251A4B599E9D8884 /* Rajdhani-Light.ttf in Resources */,
				7211201BE1414A7585E94133 /* Rajdhani-Medium.ttf in Resources */,
				4CF846245B1D4C8595DEEC4C /* Rajdhani-Regular.ttf in Resources */,
				38EBB6B072C045DCBD21D574 /* Rajdhani-SemiBold.ttf in Resources */,
				95A8C12ACC3A429F8023949C /* Raleway-VariableFont_wght.ttf in Resources */,
				9CD0A976B41B4539A3547FA4 /* ShadowsIntoLight-Regular.ttf in Resources */,
				CC251CBBE3A242B7A083A90B /* YanoneKaffeesatz-Bold.ttf in Resources */,
				29D18AF7E7634C1E9F493A1B /* YanoneKaffeesatz-ExtraLight.ttf in Resources */,
				E8BDCF16D235456DB0D16A38 /* YanoneKaffeesatz-Light.ttf in Resources */,
				0608225AE064420DA5513906 /* YanoneKaffeesatz-Medium.ttf in Resources */,
				1F85C6321EC54B4E897450A3 /* YanoneKaffeesatz-Regular.ttf in Resources */,
				97CE40F215704DA8B728D2F8 /* YanoneKaffeesatz-SemiBold.ttf in Resources */,
				6B8A209F77A741F38902B2EC /* YanoneKaffeesatz-VariableFont_wght.ttf in Resources */,
				3653E885682C43CF932BA45F /* Itim-Regular.ttf in Resources */,
				9AD9C2C5410F4B48AD139E06 /* MontserratAlternates-Black.ttf in Resources */,
				826EB9A5D43D4C1B9C4160F3 /* MontserratAlternates-BlackItalic.ttf in Resources */,
				42E3FF1E6DF34B4AB8941C61 /* MontserratAlternates-Bold.ttf in Resources */,
				EEF0ED6F86AC49629BD4CCF1 /* MontserratAlternates-BoldItalic.ttf in Resources */,
				CF3423384D8D4A7BA4B7173F /* MontserratAlternates-ExtraBold.ttf in Resources */,
				F4219DD2744747EB97662B39 /* MontserratAlternates-ExtraBoldItalic.ttf in Resources */,
				618B4D92C466458292C58E25 /* MontserratAlternates-ExtraLight.ttf in Resources */,
				65964ADCF9F44DE5A59145EE /* MontserratAlternates-ExtraLightItalic.ttf in Resources */,
				CB045556F579492286A32439 /* MontserratAlternates-Italic.ttf in Resources */,
				7C7996B4E16E48E8B1D473E7 /* MontserratAlternates-Light.ttf in Resources */,
				17A558AD5C3643D6A502DEB9 /* MontserratAlternates-LightItalic.ttf in Resources */,
				CEF61F1620654E5A8040C4B7 /* MontserratAlternates-Medium.ttf in Resources */,
				BAB1A117596346489B1BDA16 /* MontserratAlternates-MediumItalic.ttf in Resources */,
				AD831E7FD0404D26926B7336 /* MontserratAlternates-Regular.ttf in Resources */,
				454679D3E9884BA8B39967DF /* MontserratAlternates-SemiBold.ttf in Resources */,
				397A4773C9B34D058CBFED81 /* MontserratAlternates-SemiBoldItalic.ttf in Resources */,
				F1B38395ED6342058381C403 /* MontserratAlternates-Thin.ttf in Resources */,
				A5AF98B965954D208D646B1E /* MontserratAlternates-ThinItalic.ttf in Resources */,
				E807D5DE52444BF4B9647015 /* YatraOne-Regular.ttf in Resources */,
				C6A34BE111B049D1AC67C0C8 /* times-new-roman.ttf in Resources */,
			);
			runOnlyForDeploymentPostprocessing = 0;
		};
/* End PBXResourcesBuildPhase section */

/* Begin PBXShellScriptBuildPhase section */
		00DD1BFF1BD5951E006B06BC /* Bundle React Native code and images */ = {
			isa = PBXShellScriptBuildPhase;
			buildActionMask = 2147483647;
			files = (
			);
			inputPaths = (
			);
			name = "Bundle React Native code and images";
			outputPaths = (
			);
			runOnlyForDeploymentPostprocessing = 0;
			shellPath = /bin/sh;
			shellScript = "set -e\n\nexport NODE_BINARY=node\n../node_modules/react-native/scripts/react-native-xcode.sh\n";
		};
		00EEFC60759A1932668264C0 /* [CP] Embed Pods Frameworks */ = {
			isa = PBXShellScriptBuildPhase;
			buildActionMask = 2147483647;
			files = (
			);
			inputFileListPaths = (
				"${PODS_ROOT}/Target Support Files/Pods-Waataxi/Pods-Waataxi-frameworks-${CONFIGURATION}-input-files.xcfilelist",
			);
			name = "[CP] Embed Pods Frameworks";
			outputFileListPaths = (
				"${PODS_ROOT}/Target Support Files/Pods-Waataxi/Pods-Waataxi-frameworks-${CONFIGURATION}-output-files.xcfilelist",
			);
			runOnlyForDeploymentPostprocessing = 0;
			shellPath = /bin/sh;
			shellScript = "\"${PODS_ROOT}/Target Support Files/Pods-Waataxi/Pods-Waataxi-frameworks.sh\"\n";
			showEnvVarsInLog = 0;
		};
		A55EABD7B0C7F3A422A6CC61 /* [CP] Check Pods Manifest.lock */ = {
			isa = PBXShellScriptBuildPhase;
			buildActionMask = 2147483647;
			files = (
			);
			inputFileListPaths = (
			);
			inputPaths = (
				"${PODS_PODFILE_DIR_PATH}/Podfile.lock",
				"${PODS_ROOT}/Manifest.lock",
			);
			name = "[CP] Check Pods Manifest.lock";
			outputFileListPaths = (
			);
			outputPaths = (
				"$(DERIVED_FILE_DIR)/Pods-Waataxi-WaataxiTests-checkManifestLockResult.txt",
			);
			runOnlyForDeploymentPostprocessing = 0;
			shellPath = /bin/sh;
			shellScript = "diff \"${PODS_PODFILE_DIR_PATH}/Podfile.lock\" \"${PODS_ROOT}/Manifest.lock\" > /dev/null\nif [ $? != 0 ] ; then\n    # print error to STDERR\n    echo \"error: The sandbox is not in sync with the Podfile.lock. Run 'pod install' or update your CocoaPods installation.\" >&2\n    exit 1\nfi\n# This output is used by Xcode 'outputs' to avoid re-running this script phase.\necho \"SUCCESS\" > \"${SCRIPT_OUTPUT_FILE_0}\"\n";
			showEnvVarsInLog = 0;
		};
		C38B50BA6285516D6DCD4F65 /* [CP] Check Pods Manifest.lock */ = {
			isa = PBXShellScriptBuildPhase;
			buildActionMask = 2147483647;
			files = (
			);
			inputFileListPaths = (
			);
			inputPaths = (
				"${PODS_PODFILE_DIR_PATH}/Podfile.lock",
				"${PODS_ROOT}/Manifest.lock",
			);
			name = "[CP] Check Pods Manifest.lock";
			outputFileListPaths = (
			);
			outputPaths = (
				"$(DERIVED_FILE_DIR)/Pods-Waataxi-checkManifestLockResult.txt",
			);
			runOnlyForDeploymentPostprocessing = 0;
			shellPath = /bin/sh;
			shellScript = "diff \"${PODS_PODFILE_DIR_PATH}/Podfile.lock\" \"${PODS_ROOT}/Manifest.lock\" > /dev/null\nif [ $? != 0 ] ; then\n    # print error to STDERR\n    echo \"error: The sandbox is not in sync with the Podfile.lock. Run 'pod install' or update your CocoaPods installation.\" >&2\n    exit 1\nfi\n# This output is used by Xcode 'outputs' to avoid re-running this script phase.\necho \"SUCCESS\" > \"${SCRIPT_OUTPUT_FILE_0}\"\n";
			showEnvVarsInLog = 0;
		};
		C59DA0FBD6956966B86A3779 /* [CP] Embed Pods Frameworks */ = {
			isa = PBXShellScriptBuildPhase;
			buildActionMask = 2147483647;
			files = (
			);
			inputFileListPaths = (
				"${PODS_ROOT}/Target Support Files/Pods-Waataxi-WaataxiTests/Pods-Waataxi-WaataxiTests-frameworks-${CONFIGURATION}-input-files.xcfilelist",
			);
			name = "[CP] Embed Pods Frameworks";
			outputFileListPaths = (
				"${PODS_ROOT}/Target Support Files/Pods-Waataxi-WaataxiTests/Pods-Waataxi-WaataxiTests-frameworks-${CONFIGURATION}-output-files.xcfilelist",
			);
			runOnlyForDeploymentPostprocessing = 0;
			shellPath = /bin/sh;
			shellScript = "\"${PODS_ROOT}/Target Support Files/Pods-Waataxi-WaataxiTests/Pods-Waataxi-WaataxiTests-frameworks.sh\"\n";
			showEnvVarsInLog = 0;
		};
		E235C05ADACE081382539298 /* [CP] Copy Pods Resources */ = {
			isa = PBXShellScriptBuildPhase;
			buildActionMask = 2147483647;
			files = (
			);
			inputFileListPaths = (
				"${PODS_ROOT}/Target Support Files/Pods-Waataxi/Pods-Waataxi-resources-${CONFIGURATION}-input-files.xcfilelist",
			);
			name = "[CP] Copy Pods Resources";
			outputFileListPaths = (
				"${PODS_ROOT}/Target Support Files/Pods-Waataxi/Pods-Waataxi-resources-${CONFIGURATION}-output-files.xcfilelist",
			);
			runOnlyForDeploymentPostprocessing = 0;
			shellPath = /bin/sh;
			shellScript = "\"${PODS_ROOT}/Target Support Files/Pods-Waataxi/Pods-Waataxi-resources.sh\"\n";
			showEnvVarsInLog = 0;
		};
		F6A41C54EA430FDDC6A6ED99 /* [CP] Copy Pods Resources */ = {
			isa = PBXShellScriptBuildPhase;
			buildActionMask = 2147483647;
			files = (
			);
			inputFileListPaths = (
				"${PODS_ROOT}/Target Support Files/Pods-Waataxi-WaataxiTests/Pods-Waataxi-WaataxiTests-resources-${CONFIGURATION}-input-files.xcfilelist",
			);
			name = "[CP] Copy Pods Resources";
			outputFileListPaths = (
				"${PODS_ROOT}/Target Support Files/Pods-Waataxi-WaataxiTests/Pods-Waataxi-WaataxiTests-resources-${CONFIGURATION}-output-files.xcfilelist",
			);
			runOnlyForDeploymentPostprocessing = 0;
			shellPath = /bin/sh;
			shellScript = "\"${PODS_ROOT}/Target Support Files/Pods-Waataxi-WaataxiTests/Pods-Waataxi-WaataxiTests-resources.sh\"\n";
			showEnvVarsInLog = 0;
		};
		FD10A7F022414F080027D42C /* Start Packager */ = {
			isa = PBXShellScriptBuildPhase;
			buildActionMask = 2147483647;
			files = (
			);
			inputFileListPaths = (
			);
			inputPaths = (
			);
			name = "Start Packager";
			outputFileListPaths = (
			);
			outputPaths = (
			);
			runOnlyForDeploymentPostprocessing = 0;
			shellPath = /bin/sh;
			shellScript = "export RCT_METRO_PORT=\"${RCT_METRO_PORT:=8081}\"\necho \"export RCT_METRO_PORT=${RCT_METRO_PORT}\" > \"${SRCROOT}/../node_modules/react-native/scripts/.packager.env\"\nif [ -z \"${RCT_NO_LAUNCH_PACKAGER+xxx}\" ] ; then\n  if nc -w 5 -z localhost ${RCT_METRO_PORT} ; then\n    if ! curl -s \"http://localhost:${RCT_METRO_PORT}/status\" | grep -q \"packager-status:running\" ; then\n      echo \"Port ${RCT_METRO_PORT} already in use, packager is either not running or not running correctly\"\n      exit 2\n    fi\n  else\n    open \"$SRCROOT/../node_modules/react-native/scripts/launchPackager.command\" || echo \"Can't start packager automatically\"\n  fi\nfi\n";
			showEnvVarsInLog = 0;
		};
/* End PBXShellScriptBuildPhase section */

/* Begin PBXSourcesBuildPhase section */
		00E356EA1AD99517003FC87E /* Sources */ = {
			isa = PBXSourcesBuildPhase;
			buildActionMask = 2147483647;
			files = (
				00E356F31AD99517003FC87E /* WaataxiTests.m in Sources */,
			);
			runOnlyForDeploymentPostprocessing = 0;
		};
		13B07F871A680F5B00A75B9A /* Sources */ = {
			isa = PBXSourcesBuildPhase;
			buildActionMask = 2147483647;
			files = (
				13B07FBC1A68108700A75B9A /* AppDelegate.mm in Sources */,
				13B07FC11A68108700A75B9A /* main.m in Sources */,
				E3DA149B2A795A060057FDC7 /* GoogleMapsLocation.m in Sources */,
				E3DA14992A79588F0057FDC7 /* GoogleMapsLocation.swift in Sources */,
			);
			runOnlyForDeploymentPostprocessing = 0;
		};
/* End PBXSourcesBuildPhase section */

/* Begin PBXTargetDependency section */
		00E356F51AD99517003FC87E /* PBXTargetDependency */ = {
			isa = PBXTargetDependency;
			target = 13B07F861A680F5B00A75B9A /* Waataxi */;
			targetProxy = 00E356F41AD99517003FC87E /* PBXContainerItemProxy */;
		};
/* End PBXTargetDependency section */

/* Begin XCBuildConfiguration section */
		00E356F61AD99517003FC87E /* Debug */ = {
			isa = XCBuildConfiguration;
			baseConfigurationReference = 5B7EB9410499542E8C5724F5 /* Pods-Waataxi-WaataxiTests.debug.xcconfig */;
			buildSettings = {
				ALWAYS_EMBED_SWIFT_STANDARD_LIBRARIES = YES;
				BUNDLE_LOADER = "$(TEST_HOST)";
				GCC_PREPROCESSOR_DEFINITIONS = (
					"DEBUG=1",
					"$(inherited)",
				);
				INFOPLIST_FILE = WaataxiTests/Info.plist;
				IPHONEOS_DEPLOYMENT_TARGET = 12.0;
				LD_RUNPATH_SEARCH_PATHS = (
					"$(inherited)",
					"@executable_path/Frameworks",
					"@loader_path/Frameworks",
				);
				OTHER_LDFLAGS = (
					"-ObjC",
					"-lc++",
					"$(inherited)",
				);
				PRODUCT_BUNDLE_IDENTIFIER = "org.reactjs.native.example.$(PRODUCT_NAME:rfc1034identifier)";
				PRODUCT_NAME = "$(TARGET_NAME)";
				TEST_HOST = "$(BUILT_PRODUCTS_DIR)/Waataxi.app/Waataxi";
			};
			name = Debug;
		};
		00E356F71AD99517003FC87E /* Release */ = {
			isa = XCBuildConfiguration;
			baseConfigurationReference = 89C6BE57DB24E9ADA2F236DE /* Pods-Waataxi-WaataxiTests.release.xcconfig */;
			buildSettings = {
				ALWAYS_EMBED_SWIFT_STANDARD_LIBRARIES = YES;
				BUNDLE_LOADER = "$(TEST_HOST)";
				COPY_PHASE_STRIP = NO;
				INFOPLIST_FILE = WaataxiTests/Info.plist;
				IPHONEOS_DEPLOYMENT_TARGET = 12.0;
				LD_RUNPATH_SEARCH_PATHS = (
					"$(inherited)",
					"@executable_path/Frameworks",
					"@loader_path/Frameworks",
				);
				OTHER_LDFLAGS = (
					"-ObjC",
					"-lc++",
					"$(inherited)",
				);
				PRODUCT_BUNDLE_IDENTIFIER = "org.reactjs.native.example.$(PRODUCT_NAME:rfc1034identifier)";
				PRODUCT_NAME = "$(TARGET_NAME)";
				TEST_HOST = "$(BUILT_PRODUCTS_DIR)/Waataxi.app/Waataxi";
			};
			name = Release;
		};
		13B07F941A680F5B00A75B9A /* Debug */ = {
			isa = XCBuildConfiguration;
			baseConfigurationReference = 3B4392A12AC88292D35C810B /* Pods-Waataxi.debug.xcconfig */;
			buildSettings = {
				ASSETCATALOG_COMPILER_APPICON_NAME = AppIcon;
				CLANG_ENABLE_MODULES = YES;
				CURRENT_PROJECT_VERSION = 18;
				DEVELOPMENT_TEAM = 4783G6TLDG;
				ENABLE_BITCODE = NO;
				INFOPLIST_FILE = Waataxi/Info.plist;
				LD_RUNPATH_SEARCH_PATHS = (
					"$(inherited)",
					"@executable_path/Frameworks",
				);
				MARKETING_VERSION = 2.8;
				OTHER_LDFLAGS = (
					"$(inherited)",
					"-ObjC",
					"-lc++",
				);
				PRODUCT_BUNDLE_IDENTIFIER = com.digitgroupafrica.waataxidriver;
				PRODUCT_NAME = Waataxi;
				SWIFT_OBJC_BRIDGING_HEADER = "Waataxi-Bridging-Header.h";
				SWIFT_OPTIMIZATION_LEVEL = "-Onone";
				SWIFT_VERSION = 5.0;
				VERSIONING_SYSTEM = "apple-generic";
			};
			name = Debug;
		};
		13B07F951A680F5B00A75B9A /* Release */ = {
			isa = XCBuildConfiguration;
			baseConfigurationReference = 5709B34CF0A7D63546082F79 /* Pods-Waataxi.release.xcconfig */;
			buildSettings = {
				ASSETCATALOG_COMPILER_APPICON_NAME = AppIcon;
				CLANG_ENABLE_MODULES = YES;
				CURRENT_PROJECT_VERSION = 18;
				DEVELOPMENT_TEAM = 4783G6TLDG;
				INFOPLIST_FILE = Waataxi/Info.plist;
				LD_RUNPATH_SEARCH_PATHS = (
					"$(inherited)",
					"@executable_path/Frameworks",
				);
				MARKETING_VERSION = 2.8;
				OTHER_LDFLAGS = (
					"$(inherited)",
					"-ObjC",
					"-lc++",
				);
				PRODUCT_BUNDLE_IDENTIFIER = com.digitgroupafrica.waataxidriver;
				PRODUCT_NAME = Waataxi;
				SWIFT_OBJC_BRIDGING_HEADER = "Waataxi-Bridging-Header.h";
				SWIFT_VERSION = 5.0;
				VERSIONING_SYSTEM = "apple-generic";
			};
			name = Release;
		};
		83CBBA201A601CBA00E9B192 /* Debug */ = {
			isa = XCBuildConfiguration;
			buildSettings = {
				ALWAYS_SEARCH_USER_PATHS = NO;
				CLANG_ANALYZER_LOCALIZABILITY_NONLOCALIZED = YES;
				CLANG_CXX_LANGUAGE_STANDARD = "c++17";
				CLANG_CXX_LIBRARY = "libc++";
				CLANG_ENABLE_MODULES = YES;
				CLANG_ENABLE_OBJC_ARC = YES;
				CLANG_WARN_BLOCK_CAPTURE_AUTORELEASING = YES;
				CLANG_WARN_BOOL_CONVERSION = YES;
				CLANG_WARN_COMMA = YES;
				CLANG_WARN_CONSTANT_CONVERSION = YES;
				CLANG_WARN_DEPRECATED_OBJC_IMPLEMENTATIONS = YES;
				CLANG_WARN_DIRECT_OBJC_ISA_USAGE = YES_ERROR;
				CLANG_WARN_EMPTY_BODY = YES;
				CLANG_WARN_ENUM_CONVERSION = YES;
				CLANG_WARN_INFINITE_RECURSION = YES;
				CLANG_WARN_INT_CONVERSION = YES;
				CLANG_WARN_NON_LITERAL_NULL_CONVERSION = YES;
				CLANG_WARN_OBJC_IMPLICIT_RETAIN_SELF = YES;
				CLANG_WARN_OBJC_LITERAL_CONVERSION = YES;
				CLANG_WARN_OBJC_ROOT_CLASS = YES_ERROR;
				CLANG_WARN_QUOTED_INCLUDE_IN_FRAMEWORK_HEADER = YES;
				CLANG_WARN_RANGE_LOOP_ANALYSIS = YES;
				CLANG_WARN_STRICT_PROTOTYPES = YES;
				CLANG_WARN_SUSPICIOUS_MOVE = YES;
				CLANG_WARN_UNREACHABLE_CODE = YES;
				CLANG_WARN__DUPLICATE_METHOD_MATCH = YES;
				"CODE_SIGN_IDENTITY[sdk=iphoneos*]" = "iPhone Developer";
				COPY_PHASE_STRIP = NO;
				ENABLE_STRICT_OBJC_MSGSEND = YES;
				ENABLE_TESTABILITY = YES;
				"EXCLUDED_ARCHS[sdk=iphonesimulator*]" = "";
				GCC_C_LANGUAGE_STANDARD = gnu99;
				GCC_DYNAMIC_NO_PIC = NO;
				GCC_NO_COMMON_BLOCKS = YES;
				GCC_OPTIMIZATION_LEVEL = 0;
				GCC_PREPROCESSOR_DEFINITIONS = (
					"DEBUG=1",
					"$(inherited)",
				);
				GCC_SYMBOLS_PRIVATE_EXTERN = NO;
				GCC_WARN_64_TO_32_BIT_CONVERSION = YES;
				GCC_WARN_ABOUT_RETURN_TYPE = YES_ERROR;
				GCC_WARN_UNDECLARED_SELECTOR = YES;
				GCC_WARN_UNINITIALIZED_AUTOS = YES_AGGRESSIVE;
				GCC_WARN_UNUSED_FUNCTION = YES;
				GCC_WARN_UNUSED_VARIABLE = YES;
				IPHONEOS_DEPLOYMENT_TARGET = 12.0;
				LD_RUNPATH_SEARCH_PATHS = (
					/usr/lib/swift,
					"$(inherited)",
				);
				LIBRARY_SEARCH_PATHS = (
					"\"$(SDKROOT)/usr/lib/swift\"",
					"\"$(TOOLCHAIN_DIR)/usr/lib/swift/$(PLATFORM_NAME)\"",
					"\"$(inherited)\"",
				);
				MTL_ENABLE_DEBUG_INFO = YES;
				ONLY_ACTIVE_ARCH = YES;
				OTHER_CPLUSPLUSFLAGS = (
					"$(OTHER_CFLAGS)",
					"-DFOLLY_NO_CONFIG",
					"-DFOLLY_MOBILE=1",
					"-DFOLLY_USE_LIBCPP=1",
				);
				SDKROOT = iphoneos;
			};
			name = Debug;
		};
		83CBBA211A601CBA00E9B192 /* Release */ = {
			isa = XCBuildConfiguration;
			buildSettings = {
				ALWAYS_SEARCH_USER_PATHS = NO;
				CLANG_ANALYZER_LOCALIZABILITY_NONLOCALIZED = YES;
				CLANG_CXX_LANGUAGE_STANDARD = "c++17";
				CLANG_CXX_LIBRARY = "libc++";
				CLANG_ENABLE_MODULES = YES;
				CLANG_ENABLE_OBJC_ARC = YES;
				CLANG_WARN_BLOCK_CAPTURE_AUTORELEASING = YES;
				CLANG_WARN_BOOL_CONVERSION = YES;
				CLANG_WARN_COMMA = YES;
				CLANG_WARN_CONSTANT_CONVERSION = YES;
				CLANG_WARN_DEPRECATED_OBJC_IMPLEMENTATIONS = YES;
				CLANG_WARN_DIRECT_OBJC_ISA_USAGE = YES_ERROR;
				CLANG_WARN_EMPTY_BODY = YES;
				CLANG_WARN_ENUM_CONVERSION = YES;
				CLANG_WARN_INFINITE_RECURSION = YES;
				CLANG_WARN_INT_CONVERSION = YES;
				CLANG_WARN_NON_LITERAL_NULL_CONVERSION = YES;
				CLANG_WARN_OBJC_IMPLICIT_RETAIN_SELF = YES;
				CLANG_WARN_OBJC_LITERAL_CONVERSION = YES;
				CLANG_WARN_OBJC_ROOT_CLASS = YES_ERROR;
				CLANG_WARN_QUOTED_INCLUDE_IN_FRAMEWORK_HEADER = YES;
				CLANG_WARN_RANGE_LOOP_ANALYSIS = YES;
				CLANG_WARN_STRICT_PROTOTYPES = YES;
				CLANG_WARN_SUSPICIOUS_MOVE = YES;
				CLANG_WARN_UNREACHABLE_CODE = YES;
				CLANG_WARN__DUPLICATE_METHOD_MATCH = YES;
				"CODE_SIGN_IDENTITY[sdk=iphoneos*]" = "iPhone Developer";
				COPY_PHASE_STRIP = YES;
				ENABLE_NS_ASSERTIONS = NO;
				ENABLE_STRICT_OBJC_MSGSEND = YES;
				"EXCLUDED_ARCHS[sdk=iphonesimulator*]" = "";
				GCC_C_LANGUAGE_STANDARD = gnu99;
				GCC_NO_COMMON_BLOCKS = YES;
				GCC_WARN_64_TO_32_BIT_CONVERSION = YES;
				GCC_WARN_ABOUT_RETURN_TYPE = YES_ERROR;
				GCC_WARN_UNDECLARED_SELECTOR = YES;
				GCC_WARN_UNINITIALIZED_AUTOS = YES_AGGRESSIVE;
				GCC_WARN_UNUSED_FUNCTION = YES;
				GCC_WARN_UNUSED_VARIABLE = YES;
				IPHONEOS_DEPLOYMENT_TARGET = 12.0;
				LD_RUNPATH_SEARCH_PATHS = (
					/usr/lib/swift,
					"$(inherited)",
				);
				LIBRARY_SEARCH_PATHS = (
					"\"$(SDKROOT)/usr/lib/swift\"",
					"\"$(TOOLCHAIN_DIR)/usr/lib/swift/$(PLATFORM_NAME)\"",
					"\"$(inherited)\"",
				);
				MTL_ENABLE_DEBUG_INFO = NO;
				OTHER_CPLUSPLUSFLAGS = (
					"$(OTHER_CFLAGS)",
					"-DFOLLY_NO_CONFIG",
					"-DFOLLY_MOBILE=1",
					"-DFOLLY_USE_LIBCPP=1",
				);
				SDKROOT = iphoneos;
				VALIDATE_PRODUCT = YES;
			};
			name = Release;
		};
/* End XCBuildConfiguration section */

/* Begin XCConfigurationList section */
		00E357021AD99517003FC87E /* Build configuration list for PBXNativeTarget "WaataxiTests" */ = {
			isa = XCConfigurationList;
			buildConfigurations = (
				00E356F61AD99517003FC87E /* Debug */,
				00E356F71AD99517003FC87E /* Release */,
			);
			defaultConfigurationIsVisible = 0;
			defaultConfigurationName = Release;
		};
		13B07F931A680F5B00A75B9A /* Build configuration list for PBXNativeTarget "Waataxi" */ = {
			isa = XCConfigurationList;
			buildConfigurations = (
				13B07F941A680F5B00A75B9A /* Debug */,
				13B07F951A680F5B00A75B9A /* Release */,
			);
			defaultConfigurationIsVisible = 0;
			defaultConfigurationName = Release;
		};
		83CBB9FA1A601CBA00E9B192 /* Build configuration list for PBXProject "Waataxi" */ = {
			isa = XCConfigurationList;
			buildConfigurations = (
				83CBBA201A601CBA00E9B192 /* Debug */,
				83CBBA211A601CBA00E9B192 /* Release */,
			);
			defaultConfigurationIsVisible = 0;
			defaultConfigurationName = Release;
		};
/* End XCConfigurationList section */
	};
	rootObject = 83CBB9F71A601CBA00E9B192 /* Project object */;
}
